
Microsoft Visual Studio Solution File, Format Version 12.00
# Visual Studio 15
VisualStudioVersion = 15.0.26124.0
MinimumVisualStudioVersion = 15.0.26124.0
Project("{FAE04EC0-301F-11D3-BF4B-00C04F79EFBC}") = "BakingSheet", "BakingSheet\BakingSheet.csproj", "{F7935898-25C6-4650-9045-029CDCD113C8}"
EndProject
Project("{FAE04EC0-301F-11D3-BF4B-00C04F79EFBC}") = "BakingSheet.Importers.Excel", "BakingSheet.Importers.Excel\BakingSheet.Importers.Excel.csproj", "{13327ADC-CD9F-483B-8287-F29C34C431BE}"
EndProject
Project("{FAE04EC0-301F-11D3-BF4B-00C04F79EFBC}") = "BakingSheet.Importers.Google", "BakingSheet.Importers.Google\BakingSheet.Importers.Google.csproj", "{F88556DA-6BFD-4DBD-AAA6-EF9807791F94}"
EndProject
Global
	GlobalSection(SolutionConfigurationPlatforms) = preSolution
		Debug|Any CPU = Debug|Any CPU
		Debug|x64 = Debug|x64
		Debug|x86 = Debug|x86
		Release|Any CPU = Release|Any CPU
		Release|x64 = Release|x64
		Release|x86 = Release|x86
	EndGlobalSection
	GlobalSection(SolutionProperties) = preSolution
		HideSolutionNode = FALSE
	EndGlobalSection
	GlobalSection(ProjectConfigurationPlatforms) = postSolution
		{F7935898-25C6-4650-9045-029CDCD113C8}.Debug|Any CPU.ActiveCfg = Debug|Any CPU
		{F7935898-25C6-4650-9045-029CDCD113C8}.Debug|Any CPU.Build.0 = Debug|Any CPU
		{F7935898-25C6-4650-9045-029CDCD113C8}.Debug|x64.ActiveCfg = Debug|Any CPU
		{F7935898-25C6-4650-9045-029CDCD113C8}.Debug|x64.Build.0 = Debug|Any CPU
		{F7935898-25C6-4650-9045-029CDCD113C8}.Debug|x86.ActiveCfg = Debug|Any CPU
		{F7935898-25C6-4650-9045-029CDCD113C8}.Debug|x86.Build.0 = Debug|Any CPU
		{F7935898-25C6-4650-9045-029CDCD113C8}.Release|Any CPU.ActiveCfg = Release|Any CPU
		{F7935898-25C6-4650-9045-029CDCD113C8}.Release|Any CPU.Build.0 = Release|Any CPU
		{F7935898-25C6-4650-9045-029CDCD113C8}.Release|x64.ActiveCfg = Release|Any CPU
		{F7935898-25C6-4650-9045-029CDCD113C8}.Release|x64.Build.0 = Release|Any CPU
		{F7935898-25C6-4650-9045-029CDCD113C8}.Release|x86.ActiveCfg = Release|Any CPU
		{F7935898-25C6-4650-9045-029CDCD113C8}.Release|x86.Build.0 = Release|Any CPU
		{13327ADC-CD9F-483B-8287-F29C34C431BE}.Debug|Any CPU.ActiveCfg = Debug|Any CPU
		{13327ADC-CD9F-483B-8287-F29C34C431BE}.Debug|Any CPU.Build.0 = Debug|Any CPU
		{13327ADC-CD9F-483B-8287-F29C34C431BE}.Debug|x64.ActiveCfg = Debug|Any CPU
		{13327ADC-CD9F-483B-8287-F29C34C431BE}.Debug|x64.Build.0 = Debug|Any CPU
		{13327ADC-CD9F-483B-8287-F29C34C431BE}.Debug|x86.ActiveCfg = Debug|Any CPU
		{13327ADC-CD9F-483B-8287-F29C34C431BE}.Debug|x86.Build.0 = Debug|Any CPU
		{13327ADC-CD9F-483B-8287-F29C34C431BE}.Release|Any CPU.ActiveCfg = Release|Any CPU
		{13327ADC-CD9F-483B-8287-F29C34C431BE}.Release|Any CPU.Build.0 = Release|Any CPU
		{13327ADC-CD9F-483B-8287-F29C34C431BE}.Release|x64.ActiveCfg = Release|Any CPU
		{13327ADC-CD9F-483B-8287-F29C34C431BE}.Release|x64.Build.0 = Release|Any CPU
		{13327ADC-CD9F-483B-8287-F29C34C431BE}.Release|x86.ActiveCfg = Release|Any CPU
		{13327ADC-CD9F-483B-8287-F29C34C431BE}.Release|x86.Build.0 = Release|Any CPU
		{F88556DA-6BFD-4DBD-AAA6-EF9807791F94}.Debug|Any CPU.ActiveCfg = Debug|Any CPU
		{F88556DA-6BFD-4DBD-AAA6-EF9807791F94}.Debug|Any CPU.Build.0 = Debug|Any CPU
		{F88556DA-6BFD-4DBD-AAA6-EF9807791F94}.Debug|x64.ActiveCfg = Debug|Any CPU
		{F88556DA-6BFD-4DBD-AAA6-EF9807791F94}.Debug|x64.Build.0 = Debug|Any CPU
		{F88556DA-6BFD-4DBD-AAA6-EF9807791F94}.Debug|x86.ActiveCfg = Debug|Any CPU
		{F88556DA-6BFD-4DBD-AAA6-EF9807791F94}.Debug|x86.Build.0 = Debug|Any CPU
		{F88556DA-6BFD-4DBD-AAA6-EF9807791F94}.Release|Any CPU.ActiveCfg = Release|Any CPU
		{F88556DA-6BFD-4DBD-AAA6-EF9807791F94}.Release|Any CPU.Build.0 = Release|Any CPU
		{F88556DA-6BFD-4DBD-AAA6-EF9807791F94}.Release|x64.ActiveCfg = Release|Any CPU
		{F88556DA-6BFD-4DBD-AAA6-EF9807791F94}.Release|x64.Build.0 = Release|Any CPU
		{F88556DA-6BFD-4DBD-AAA6-EF9807791F94}.Release|x86.ActiveCfg = Release|Any CPU
		{F88556DA-6BFD-4DBD-AAA6-EF9807791F94}.Release|x86.Build.0 = Release|Any CPU
	EndGlobalSection
EndGlobal
